
Microsoft Visual Studio Solution File, Format Version 12.00
# Visual Studio Version 17
VisualStudioVersion = 17.0.32002.185
MinimumVisualStudioVersion = 10.0.40219.1
Project("{FAE04EC0-301F-11D3-BF4B-00C04F79EFBC}") = "PIWorks_WorkCase", "PIWorks_WorkCase.csproj", "{5FDD5327-94C6-49DA-BC28-3A86639259EB}"
EndProject
Global
	GlobalSection(SolutionConfigurationPlatforms) = preSolution
		Debug|Any CPU = Debug|Any CPU
		Release|Any CPU = Release|Any CPU
	EndGlobalSection
	GlobalSection(ProjectConfigurationPlatforms) = postSolution
		{5FDD5327-94C6-49DA-BC28-3A86639259EB}.Debug|Any CPU.ActiveCfg = Debug|Any CPU
		{5FDD5327-94C6-49DA-BC28-3A86639259EB}.Debug|Any CPU.Build.0 = Debug|Any CPU
		{5FDD5327-94C6-49DA-BC28-3A86639259EB}.Release|Any CPU.ActiveCfg = Release|Any CPU
		{5FDD5327-94C6-49DA-BC28-3A86639259EB}.Release|Any CPU.Build.0 = Release|Any CPU
	EndGlobalSection
	GlobalSection(SolutionProperties) = preSolution
		HideSolutionNode = FALSE
	EndGlobalSection
	GlobalSection(ExtensibilityGlobals) = postSolution
		SolutionGuid = {2C65CCD0-FF0F-47C0-97E7-DA6321A61C72}
	EndGlobalSection
EndGlobal
